// !$*UTF8*$!
{
	archiveVersion = 1;
	classes = {
	};
	objectVersion = 50;
	objects = {

/* Begin PBXBuildFile section */
		C2059FCE2265F4BC00736885 /* WebView.storyboard in Resources */ = {isa = PBXBuildFile; fileRef = C2059FCD2265F4BC00736885 /* WebView.storyboard */; };
		C2059FD02265F50D00736885 /* WebView.swift in Sources */ = {isa = PBXBuildFile; fileRef = C2059FCF2265F50D00736885 /* WebView.swift */; };
		C2059FD22265F53500736885 /* WebViewController.swift in Sources */ = {isa = PBXBuildFile; fileRef = C2059FD12265F53500736885 /* WebViewController.swift */; };
		C217763C22675E1800D6C97A /* GetLogos.swift in Sources */ = {isa = PBXBuildFile; fileRef = C217763B22675E1800D6C97A /* GetLogos.swift */; };
		C2184A98226DB0C300ABE8C3 /* RefreshBalance.swift in Sources */ = {isa = PBXBuildFile; fileRef = C2184A97226DB0C300ABE8C3 /* RefreshBalance.swift */; };
		C2184A9A226DB22D00ABE8C3 /* RefreshBalanceModel.swift in Sources */ = {isa = PBXBuildFile; fileRef = C2184A99226DB22D00ABE8C3 /* RefreshBalanceModel.swift */; };
		C221B8402282CC7B0081BFB1 /* BlurView.swift in Sources */ = {isa = PBXBuildFile; fileRef = C221B83F2282CC7B0081BFB1 /* BlurView.swift */; };
		C221B8472282D9D00081BFB1 /* SighnInButton.swift in Sources */ = {isa = PBXBuildFile; fileRef = C221B8462282D9D00081BFB1 /* SighnInButton.swift */; };
		C221B84B2282FF920081BFB1 /* LoginViewModel.swift in Sources */ = {isa = PBXBuildFile; fileRef = C221B84A2282FF920081BFB1 /* LoginViewModel.swift */; };
		C221B84D2282FFCB0081BFB1 /* LoginDataBase.swift in Sources */ = {isa = PBXBuildFile; fileRef = C221B84C2282FFCB0081BFB1 /* LoginDataBase.swift */; };
		C22C98782267987600BC2106 /* DetailShopView.storyboard in Resources */ = {isa = PBXBuildFile; fileRef = C22C98772267987600BC2106 /* DetailShopView.storyboard */; };
		C22C987A226798B800BC2106 /* DetailShopView.swift in Sources */ = {isa = PBXBuildFile; fileRef = C22C9879226798B800BC2106 /* DetailShopView.swift */; };
		C22C987E226798F900BC2106 /* DetailShopViewController.swift in Sources */ = {isa = PBXBuildFile; fileRef = C22C987D226798F900BC2106 /* DetailShopViewController.swift */; };
		C2369BB32265C2DA00FBB386 /* AccountView.swift in Sources */ = {isa = PBXBuildFile; fileRef = C2369BB22265C2DA00FBB386 /* AccountView.swift */; };
		C2369BB52265C32100FBB386 /* AccountViewController.swift in Sources */ = {isa = PBXBuildFile; fileRef = C2369BB42265C32100FBB386 /* AccountViewController.swift */; };
		C23E9F6622670DE0002191E3 /* Shops.storyboard in Resources */ = {isa = PBXBuildFile; fileRef = C23E9F6522670DDF002191E3 /* Shops.storyboard */; };
		C23E9F6822671DFB002191E3 /* ShopsModel.swift in Sources */ = {isa = PBXBuildFile; fileRef = C23E9F6722671DFB002191E3 /* ShopsModel.swift */; };
		C23E9F6A22671FDF002191E3 /* ShopsAPIRequest.swift in Sources */ = {isa = PBXBuildFile; fileRef = C23E9F6922671FDF002191E3 /* ShopsAPIRequest.swift */; };
		C24115152281B3B0004F41E1 /* CheckBoxButton.swift in Sources */ = {isa = PBXBuildFile; fileRef = C24115142281B3AF004F41E1 /* CheckBoxButton.swift */; };
		C241151A2281B933004F41E1 /* MaleButton.swift in Sources */ = {isa = PBXBuildFile; fileRef = C24115192281B933004F41E1 /* MaleButton.swift */; };
		C241151C2281B95A004F41E1 /* FemaleButton.swift in Sources */ = {isa = PBXBuildFile; fileRef = C241151B2281B95A004F41E1 /* FemaleButton.swift */; };
		C241151F2281C013004F41E1 /* LoginControllerForPhoneFormatter.swift in Sources */ = {isa = PBXBuildFile; fileRef = C241151E2281C013004F41E1 /* LoginControllerForPhoneFormatter.swift */; };
		C24115212281C080004F41E1 /* LoginVCLittleFunctions.swift in Sources */ = {isa = PBXBuildFile; fileRef = C24115202281C080004F41E1 /* LoginVCLittleFunctions.swift */; };
		C24115262281C1E7004F41E1 /* UserDataModel.swift in Sources */ = {isa = PBXBuildFile; fileRef = C24115252281C1E7004F41E1 /* UserDataModel.swift */; };
		C24115282281C346004F41E1 /* UserDataBase.swift in Sources */ = {isa = PBXBuildFile; fileRef = C24115272281C346004F41E1 /* UserDataBase.swift */; };
		C242835F226469B200750768 /* ProfileModel.swift in Sources */ = {isa = PBXBuildFile; fileRef = C242835E226469B200750768 /* ProfileModel.swift */; };
		C242836122646A5500750768 /* APIChangeInfo.swift in Sources */ = {isa = PBXBuildFile; fileRef = C242836022646A5500750768 /* APIChangeInfo.swift */; };
		C24283632264C04400750768 /* MainTabBarControllerViewController.swift in Sources */ = {isa = PBXBuildFile; fileRef = C24283622264C04400750768 /* MainTabBarControllerViewController.swift */; };
		C24283652264C8DC00750768 /* ErrorAlerts.swift in Sources */ = {isa = PBXBuildFile; fileRef = C24283642264C8DC00750768 /* ErrorAlerts.swift */; };
		C24283672264D3C200750768 /* Account.storyboard in Resources */ = {isa = PBXBuildFile; fileRef = C24283662264D3C200750768 /* Account.storyboard */; };
		C24283692264F36200750768 /* BorCodeGenViewController.swift in Sources */ = {isa = PBXBuildFile; fileRef = C24283682264F36200750768 /* BorCodeGenViewController.swift */; };
		C242836B2264F38700750768 /* BarCode.storyboard in Resources */ = {isa = PBXBuildFile; fileRef = C242836A2264F38700750768 /* BarCode.storyboard */; };
		C242836D2264F51F00750768 /* BarCodeView.swift in Sources */ = {isa = PBXBuildFile; fileRef = C242836C2264F51F00750768 /* BarCodeView.swift */; };
		C24283702264F65200750768 /* BarCodeGenerator.swift in Sources */ = {isa = PBXBuildFile; fileRef = C242836F2264F65200750768 /* BarCodeGenerator.swift */; };
		C2429B2422660D8200EB7942 /* ShopsMainController.swift in Sources */ = {isa = PBXBuildFile; fileRef = C2429B2322660D8200EB7942 /* ShopsMainController.swift */; };
		C2429B562266171A00EB7942 /* ShopsTableViewCell.swift in Sources */ = {isa = PBXBuildFile; fileRef = C2429B552266171A00EB7942 /* ShopsTableViewCell.swift */; };
		C242C48A227067AC008B359A /* WithDrawal.storyboard in Resources */ = {isa = PBXBuildFile; fileRef = C242C489227067AC008B359A /* WithDrawal.storyboard */; };
		C242C48C22706E34008B359A /* WDViewController.swift in Sources */ = {isa = PBXBuildFile; fileRef = C242C48B22706E34008B359A /* WDViewController.swift */; };
		C242C48E2270748F008B359A /* WDView.swift in Sources */ = {isa = PBXBuildFile; fileRef = C242C48D2270748F008B359A /* WDView.swift */; };
		C242C4902270750B008B359A /* WDHistory.storyboard in Resources */ = {isa = PBXBuildFile; fileRef = C242C48F2270750A008B359A /* WDHistory.storyboard */; };
		C242C4922270770F008B359A /* WDHistoryController.swift in Sources */ = {isa = PBXBuildFile; fileRef = C242C4912270770F008B359A /* WDHistoryController.swift */; };
		C242C494227077A6008B359A /* WDHistoryView.swift in Sources */ = {isa = PBXBuildFile; fileRef = C242C493227077A6008B359A /* WDHistoryView.swift */; };
		C242C49622707971008B359A /* Map.storyboard in Resources */ = {isa = PBXBuildFile; fileRef = C242C49522707971008B359A /* Map.storyboard */; };
		C242C49822707A16008B359A /* MapView.swift in Sources */ = {isa = PBXBuildFile; fileRef = C242C49722707A16008B359A /* MapView.swift */; };
		C242C49A22707A2A008B359A /* MapViewController.swift in Sources */ = {isa = PBXBuildFile; fileRef = C242C49922707A2A008B359A /* MapViewController.swift */; };
		C242C49E2270A127008B359A /* NotoficationCell.swift in Sources */ = {isa = PBXBuildFile; fileRef = C242C49D2270A127008B359A /* NotoficationCell.swift */; };
		C2492A9A2260996A007E2037 /* Profile.storyboard in Resources */ = {isa = PBXBuildFile; fileRef = C2492A992260996A007E2037 /* Profile.storyboard */; };
		C2492A9C2260A249007E2037 /* MainPageViewController.swift in Sources */ = {isa = PBXBuildFile; fileRef = C2492A9B2260A249007E2037 /* MainPageViewController.swift */; };
		C2492A9E2260A25E007E2037 /* MainPageView.swift in Sources */ = {isa = PBXBuildFile; fileRef = C2492A9D2260A25E007E2037 /* MainPageView.swift */; };
		C25A13B8225B406000499C3C /* CustomFonts.swift in Sources */ = {isa = PBXBuildFile; fileRef = C25A13B7225B405F00499C3C /* CustomFonts.swift */; };
		C25BBF692255E0D2008D78F9 /* AppDelegate.swift in Sources */ = {isa = PBXBuildFile; fileRef = C25BBF682255E0D2008D78F9 /* AppDelegate.swift */; };
		C25BBF6B2255E0D2008D78F9 /* ViewController.swift in Sources */ = {isa = PBXBuildFile; fileRef = C25BBF6A2255E0D2008D78F9 /* ViewController.swift */; };
		C25BBF6E2255E0D2008D78F9 /* Main.storyboard in Resources */ = {isa = PBXBuildFile; fileRef = C25BBF6C2255E0D2008D78F9 /* Main.storyboard */; };
		C25BBF712255E0D2008D78F9 /* Tips_MartDemo.xcdatamodeld in Sources */ = {isa = PBXBuildFile; fileRef = C25BBF6F2255E0D2008D78F9 /* Tips_MartDemo.xcdatamodeld */; };
		C25BBF732255E0D3008D78F9 /* Assets.xcassets in Resources */ = {isa = PBXBuildFile; fileRef = C25BBF722255E0D3008D78F9 /* Assets.xcassets */; };
		C25BBF762255E0D3008D78F9 /* LaunchScreen.storyboard in Resources */ = {isa = PBXBuildFile; fileRef = C25BBF742255E0D3008D78F9 /* LaunchScreen.storyboard */; };
		C270FC872269BD750059F161 /* Refresh.swift in Sources */ = {isa = PBXBuildFile; fileRef = C270FC862269BD750059F161 /* Refresh.swift */; };
		C270FC892269C1C80059F161 /* RefreshModel.swift in Sources */ = {isa = PBXBuildFile; fileRef = C270FC882269C1C80059F161 /* RefreshModel.swift */; };
		C270FC8B2269DEF10059F161 /* ReferalScreen.storyboard in Resources */ = {isa = PBXBuildFile; fileRef = C270FC8A2269DEF10059F161 /* ReferalScreen.storyboard */; };
		C270FC8D2269F5510059F161 /* MoreScreen.storyboard in Resources */ = {isa = PBXBuildFile; fileRef = C270FC8C2269F5510059F161 /* MoreScreen.storyboard */; };
		C27A02152272F03D0005BE33 /* ExtensionUiTextField.swift in Sources */ = {isa = PBXBuildFile; fileRef = C27A02142272F03D0005BE33 /* ExtensionUiTextField.swift */; };
		C27A02172272F6F20005BE33 /* MainNotificationView.swift in Sources */ = {isa = PBXBuildFile; fileRef = C27A02162272F6F20005BE33 /* MainNotificationView.swift */; };
		C27A021922731C390005BE33 /* TimerForRefresh.swift in Sources */ = {isa = PBXBuildFile; fileRef = C27A021822731C390005BE33 /* TimerForRefresh.swift */; };
		C27E331C227C291000F4BF56 /* SearchShopRealm.swift in Sources */ = {isa = PBXBuildFile; fileRef = C27E331B227C291000F4BF56 /* SearchShopRealm.swift */; };
		C27FF73B227B022100E04B0F /* NotifTableView.swift in Sources */ = {isa = PBXBuildFile; fileRef = C27FF73A227B022100E04B0F /* NotifTableView.swift */; };
		C283C843228034BD00714B98 /* AnimateView.swift in Sources */ = {isa = PBXBuildFile; fileRef = C283C842228034BD00714B98 /* AnimateView.swift */; };
		C283C8492280380A00714B98 /* LoginScreen.storyboard in Resources */ = {isa = PBXBuildFile; fileRef = C283C8482280380A00714B98 /* LoginScreen.storyboard */; };
		C29356DF225CA7E8004F4510 /* RegistrationModelAPI.swift in Sources */ = {isa = PBXBuildFile; fileRef = C29356DE225CA7E8004F4510 /* RegistrationModelAPI.swift */; };
		C29356E6225CAF39004F4510 /* APIManager.swift in Sources */ = {isa = PBXBuildFile; fileRef = C29356E5225CAF39004F4510 /* APIManager.swift */; };
		C293570B225CCF38004F4510 /* AuthModel.swift in Sources */ = {isa = PBXBuildFile; fileRef = C293570A225CCF38004F4510 /* AuthModel.swift */; };
		C299E5352271C9B100D6CC05 /* RealmModel.swift in Sources */ = {isa = PBXBuildFile; fileRef = C299E5342271C9B100D6CC05 /* RealmModel.swift */; };
		C2BA3C6D22579FFB0016CA9E /* GoogleService-Info.plist in Resources */ = {isa = PBXBuildFile; fileRef = C2BA3C6C22579FFA0016CA9E /* GoogleService-Info.plist */; };
		C2C96D212255FC17009F7050 /* WaitingScreenController.swift in Sources */ = {isa = PBXBuildFile; fileRef = C2C96D202255FC17009F7050 /* WaitingScreenController.swift */; };
		C2D8BC28226E014100001C99 /* OperationHistory.storyboard in Resources */ = {isa = PBXBuildFile; fileRef = C2D8BC27226E014100001C99 /* OperationHistory.storyboard */; };
		C2D8BC2A226E069000001C99 /* OperationHistoryController.swift in Sources */ = {isa = PBXBuildFile; fileRef = C2D8BC29226E069000001C99 /* OperationHistoryController.swift */; };
		C2D8BC2C226E071800001C99 /* HistoryCell.swift in Sources */ = {isa = PBXBuildFile; fileRef = C2D8BC2B226E071700001C99 /* HistoryCell.swift */; };
		C2D8BC2E226E07A500001C99 /* OperationHistoryView.swift in Sources */ = {isa = PBXBuildFile; fileRef = C2D8BC2D226E07A500001C99 /* OperationHistoryView.swift */; };
		C2D8BC30226EFB3100001C99 /* OperationHistoryModel.swift in Sources */ = {isa = PBXBuildFile; fileRef = C2D8BC2F226EFB3100001C99 /* OperationHistoryModel.swift */; };
		C2D8BC34226F0BED00001C99 /* HTMLParser.swift in Sources */ = {isa = PBXBuildFile; fileRef = C2D8BC33226F0BED00001C99 /* HTMLParser.swift */; };
		C2D8BC57226F198800001C99 /* OperationHistoryAPI.swift in Sources */ = {isa = PBXBuildFile; fileRef = C2D8BC56226F198800001C99 /* OperationHistoryAPI.swift */; };
		C2D8BC59226F3A1C00001C99 /* NotificationsMain.storyboard in Resources */ = {isa = PBXBuildFile; fileRef = C2D8BC58226F3A1C00001C99 /* NotificationsMain.storyboard */; };
		C2D8BC5D226F3E9100001C99 /* MainNotificationsController.swift in Sources */ = {isa = PBXBuildFile; fileRef = C2D8BC5C226F3E9100001C99 /* MainNotificationsController.swift */; };
		C2D8BC61226F4C0500001C99 /* NotifTable.storyboard in Resources */ = {isa = PBXBuildFile; fileRef = C2D8BC60226F4C0500001C99 /* NotifTable.storyboard */; };
		C2D8BC63226F50F700001C99 /* NotTableViewController.swift in Sources */ = {isa = PBXBuildFile; fileRef = C2D8BC62226F50F700001C99 /* NotTableViewController.swift */; };
		C2D8BC65226F5A6E00001C99 /* MoreScreenView.swift in Sources */ = {isa = PBXBuildFile; fileRef = C2D8BC64226F5A6E00001C99 /* MoreScreenView.swift */; };
		C2D8BC67226F5B0100001C99 /* ReferalView.swift in Sources */ = {isa = PBXBuildFile; fileRef = C2D8BC66226F5B0100001C99 /* ReferalView.swift */; };
		C2D8BC69226F5D0300001C99 /* MoreViewController.swift in Sources */ = {isa = PBXBuildFile; fileRef = C2D8BC68226F5D0300001C99 /* MoreViewController.swift */; };
		C2D8BC6B226F5D0E00001C99 /* ReferalsViewController.swift in Sources */ = {isa = PBXBuildFile; fileRef = C2D8BC6A226F5D0E00001C99 /* ReferalsViewController.swift */; };
		C2E5962E225DDE87001D09D9 /* APIRegComplete.swift in Sources */ = {isa = PBXBuildFile; fileRef = C2E5962D225DDE87001D09D9 /* APIRegComplete.swift */; };
		C2E59630225DE2E5001D09D9 /* RegModel.swift in Sources */ = {isa = PBXBuildFile; fileRef = C2E5962F225DE2E5001D09D9 /* RegModel.swift */; };
		C2E59636225E0BBE001D09D9 /* APILogin.swift in Sources */ = {isa = PBXBuildFile; fileRef = C2E59635225E0BBE001D09D9 /* APILogin.swift */; };
		C2E699FA2258B2B0006FDDDB /* gotham_pro.ttf in Resources */ = {isa = PBXBuildFile; fileRef = C2E699F92258B2B0006FDDDB /* gotham_pro.ttf */; };
		C2E699FC2258B2B8006FDDDB /* gotham_pro_bold.ttf in Resources */ = {isa = PBXBuildFile; fileRef = C2E699FB2258B2B8006FDDDB /* gotham_pro_bold.ttf */; };
		C2E699FE2258B2D0006FDDDB /* gotham_pro_light.ttf in Resources */ = {isa = PBXBuildFile; fileRef = C2E699FD2258B2D0006FDDDB /* gotham_pro_light.ttf */; };
		C2E69A002258B2D8006FDDDB /* gotham_pro_medium.ttf in Resources */ = {isa = PBXBuildFile; fileRef = C2E699FF2258B2D8006FDDDB /* gotham_pro_medium.ttf */; };
		C2E69A0422596327006FDDDB /* FloatingTextField.swift in Sources */ = {isa = PBXBuildFile; fileRef = C2E69A0322596327006FDDDB /* FloatingTextField.swift */; };
		C2E69A062259636F006FDDDB /* ValidPhonePass.swift in Sources */ = {isa = PBXBuildFile; fileRef = C2E69A052259636F006FDDDB /* ValidPhonePass.swift */; };
		C2E69A08225975B4006FDDDB /* HideOrNot.swift in Sources */ = {isa = PBXBuildFile; fileRef = C2E69A07225975B4006FDDDB /* HideOrNot.swift */; };
		C2F285F5226DDF42005DC8F8 /* WaitingScreen.storyboard in Resources */ = {isa = PBXBuildFile; fileRef = C2F285F4226DDF42005DC8F8 /* WaitingScreen.storyboard */; };
		C2F285F7226DF086005DC8F8 /* GetReferalsIncome.swift in Sources */ = {isa = PBXBuildFile; fileRef = C2F285F6226DF086005DC8F8 /* GetReferalsIncome.swift */; };
		C2F285F9226DF0EA005DC8F8 /* GetInfoModel.swift in Sources */ = {isa = PBXBuildFile; fileRef = C2F285F8226DF0EA005DC8F8 /* GetInfoModel.swift */; };
		C2F285FB226DF5F6005DC8F8 /* URLS.swift in Sources */ = {isa = PBXBuildFile; fileRef = C2F285FA226DF5F6005DC8F8 /* URLS.swift */; };
		C2FC25E122805C7C00395247 /* LoginViewController.swift in Sources */ = {isa = PBXBuildFile; fileRef = C2FC25E022805C7C00395247 /* LoginViewController.swift */; };
		C2FC25E322805FA100395247 /* LoginView.swift in Sources */ = {isa = PBXBuildFile; fileRef = C2FC25E222805FA100395247 /* LoginView.swift */; };
		C6EEFF074AC8CA70738BF766 /* Pods_Tips_MartDemo.framework in Frameworks */ = {isa = PBXBuildFile; fileRef = F9A8CEB52E327CBAC097D76E /* Pods_Tips_MartDemo.framework */; };
/* End PBXBuildFile section */

/* Begin PBXFileReference section */
		3EBC54FE841F31A392D6F0C0 /* Pods-Tips-MartDemo.release.xcconfig */ = {isa = PBXFileReference; includeInIndex = 1; lastKnownFileType = text.xcconfig; name = "Pods-Tips-MartDemo.release.xcconfig"; path = "Pods/Target Support Files/Pods-Tips-MartDemo/Pods-Tips-MartDemo.release.xcconfig"; sourceTree = "<group>"; };
		5BD178FC3E760D3DA416BF08 /* Pods-Tips-MartDemo.debug.xcconfig */ = {isa = PBXFileReference; includeInIndex = 1; lastKnownFileType = text.xcconfig; name = "Pods-Tips-MartDemo.debug.xcconfig"; path = "Pods/Target Support Files/Pods-Tips-MartDemo/Pods-Tips-MartDemo.debug.xcconfig"; sourceTree = "<group>"; };
		C2059FCD2265F4BC00736885 /* WebView.storyboard */ = {isa = PBXFileReference; lastKnownFileType = file.storyboard; path = WebView.storyboard; sourceTree = "<group>"; };
		C2059FCF2265F50D00736885 /* WebView.swift */ = {isa = PBXFileReference; lastKnownFileType = sourcecode.swift; path = WebView.swift; sourceTree = "<group>"; };
		C2059FD12265F53500736885 /* WebViewController.swift */ = {isa = PBXFileReference; lastKnownFileType = sourcecode.swift; path = WebViewController.swift; sourceTree = "<group>"; };
		C217763B22675E1800D6C97A /* GetLogos.swift */ = {isa = PBXFileReference; lastKnownFileType = sourcecode.swift; path = GetLogos.swift; sourceTree = "<group>"; };
		C2184A97226DB0C300ABE8C3 /* RefreshBalance.swift */ = {isa = PBXFileReference; lastKnownFileType = sourcecode.swift; path = RefreshBalance.swift; sourceTree = "<group>"; };
		C2184A99226DB22D00ABE8C3 /* RefreshBalanceModel.swift */ = {isa = PBXFileReference; lastKnownFileType = sourcecode.swift; path = RefreshBalanceModel.swift; sourceTree = "<group>"; };
		C221B83F2282CC7B0081BFB1 /* BlurView.swift */ = {isa = PBXFileReference; lastKnownFileType = sourcecode.swift; path = BlurView.swift; sourceTree = "<group>"; };
		C221B8462282D9D00081BFB1 /* SighnInButton.swift */ = {isa = PBXFileReference; lastKnownFileType = sourcecode.swift; path = SighnInButton.swift; sourceTree = "<group>"; };
		C221B84A2282FF920081BFB1 /* LoginViewModel.swift */ = {isa = PBXFileReference; lastKnownFileType = sourcecode.swift; path = LoginViewModel.swift; sourceTree = "<group>"; };
		C221B84C2282FFCB0081BFB1 /* LoginDataBase.swift */ = {isa = PBXFileReference; lastKnownFileType = sourcecode.swift; path = LoginDataBase.swift; sourceTree = "<group>"; };
		C22C98772267987600BC2106 /* DetailShopView.storyboard */ = {isa = PBXFileReference; lastKnownFileType = file.storyboard; path = DetailShopView.storyboard; sourceTree = "<group>"; };
		C22C9879226798B800BC2106 /* DetailShopView.swift */ = {isa = PBXFileReference; lastKnownFileType = sourcecode.swift; path = DetailShopView.swift; sourceTree = "<group>"; };
		C22C987D226798F900BC2106 /* DetailShopViewController.swift */ = {isa = PBXFileReference; lastKnownFileType = sourcecode.swift; path = DetailShopViewController.swift; sourceTree = "<group>"; };
		C2369BB22265C2DA00FBB386 /* AccountView.swift */ = {isa = PBXFileReference; lastKnownFileType = sourcecode.swift; path = AccountView.swift; sourceTree = "<group>"; };
		C2369BB42265C32100FBB386 /* AccountViewController.swift */ = {isa = PBXFileReference; lastKnownFileType = sourcecode.swift; path = AccountViewController.swift; sourceTree = "<group>"; };
		C23E9F6522670DDF002191E3 /* Shops.storyboard */ = {isa = PBXFileReference; lastKnownFileType = file.storyboard; path = Shops.storyboard; sourceTree = "<group>"; };
		C23E9F6722671DFB002191E3 /* ShopsModel.swift */ = {isa = PBXFileReference; lastKnownFileType = sourcecode.swift; path = ShopsModel.swift; sourceTree = "<group>"; };
		C23E9F6922671FDF002191E3 /* ShopsAPIRequest.swift */ = {isa = PBXFileReference; lastKnownFileType = sourcecode.swift; path = ShopsAPIRequest.swift; sourceTree = "<group>"; };
		C24115142281B3AF004F41E1 /* CheckBoxButton.swift */ = {isa = PBXFileReference; lastKnownFileType = sourcecode.swift; path = CheckBoxButton.swift; sourceTree = "<group>"; };
		C24115192281B933004F41E1 /* MaleButton.swift */ = {isa = PBXFileReference; lastKnownFileType = sourcecode.swift; path = MaleButton.swift; sourceTree = "<group>"; };
		C241151B2281B95A004F41E1 /* FemaleButton.swift */ = {isa = PBXFileReference; lastKnownFileType = sourcecode.swift; path = FemaleButton.swift; sourceTree = "<group>"; };
		C241151E2281C013004F41E1 /* LoginControllerForPhoneFormatter.swift */ = {isa = PBXFileReference; lastKnownFileType = sourcecode.swift; path = LoginControllerForPhoneFormatter.swift; sourceTree = "<group>"; };
		C24115202281C080004F41E1 /* LoginVCLittleFunctions.swift */ = {isa = PBXFileReference; lastKnownFileType = sourcecode.swift; path = LoginVCLittleFunctions.swift; sourceTree = "<group>"; };
		C24115252281C1E7004F41E1 /* UserDataModel.swift */ = {isa = PBXFileReference; lastKnownFileType = sourcecode.swift; name = UserDataModel.swift; path = ../UserDataModel.swift; sourceTree = "<group>"; };
		C24115272281C346004F41E1 /* UserDataBase.swift */ = {isa = PBXFileReference; lastKnownFileType = sourcecode.swift; name = UserDataBase.swift; path = ../UserDataBase.swift; sourceTree = "<group>"; };
		C242835E226469B200750768 /* ProfileModel.swift */ = {isa = PBXFileReference; lastKnownFileType = sourcecode.swift; path = ProfileModel.swift; sourceTree = "<group>"; };
		C242836022646A5500750768 /* APIChangeInfo.swift */ = {isa = PBXFileReference; lastKnownFileType = sourcecode.swift; path = APIChangeInfo.swift; sourceTree = "<group>"; };
		C24283622264C04400750768 /* MainTabBarControllerViewController.swift */ = {isa = PBXFileReference; lastKnownFileType = sourcecode.swift; path = MainTabBarControllerViewController.swift; sourceTree = "<group>"; };
		C24283642264C8DC00750768 /* ErrorAlerts.swift */ = {isa = PBXFileReference; lastKnownFileType = sourcecode.swift; path = ErrorAlerts.swift; sourceTree = "<group>"; };
		C24283662264D3C200750768 /* Account.storyboard */ = {isa = PBXFileReference; lastKnownFileType = file.storyboard; path = Account.storyboard; sourceTree = "<group>"; };
		C24283682264F36200750768 /* BorCodeGenViewController.swift */ = {isa = PBXFileReference; lastKnownFileType = sourcecode.swift; path = BorCodeGenViewController.swift; sourceTree = "<group>"; };
		C242836A2264F38700750768 /* BarCode.storyboard */ = {isa = PBXFileReference; lastKnownFileType = file.storyboard; path = BarCode.storyboard; sourceTree = "<group>"; };
		C242836C2264F51F00750768 /* BarCodeView.swift */ = {isa = PBXFileReference; lastKnownFileType = sourcecode.swift; path = BarCodeView.swift; sourceTree = "<group>"; };
		C242836F2264F65200750768 /* BarCodeGenerator.swift */ = {isa = PBXFileReference; lastKnownFileType = sourcecode.swift; path = BarCodeGenerator.swift; sourceTree = "<group>"; };
		C2429B2322660D8200EB7942 /* ShopsMainController.swift */ = {isa = PBXFileReference; lastKnownFileType = sourcecode.swift; path = ShopsMainController.swift; sourceTree = "<group>"; };
		C2429B552266171A00EB7942 /* ShopsTableViewCell.swift */ = {isa = PBXFileReference; lastKnownFileType = sourcecode.swift; path = ShopsTableViewCell.swift; sourceTree = "<group>"; };
		C242C489227067AC008B359A /* WithDrawal.storyboard */ = {isa = PBXFileReference; lastKnownFileType = file.storyboard; path = WithDrawal.storyboard; sourceTree = "<group>"; };
		C242C48B22706E34008B359A /* WDViewController.swift */ = {isa = PBXFileReference; lastKnownFileType = sourcecode.swift; path = WDViewController.swift; sourceTree = "<group>"; };
		C242C48D2270748F008B359A /* WDView.swift */ = {isa = PBXFileReference; lastKnownFileType = sourcecode.swift; path = WDView.swift; sourceTree = "<group>"; };
		C242C48F2270750A008B359A /* WDHistory.storyboard */ = {isa = PBXFileReference; lastKnownFileType = file.storyboard; path = WDHistory.storyboard; sourceTree = "<group>"; };
		C242C4912270770F008B359A /* WDHistoryController.swift */ = {isa = PBXFileReference; lastKnownFileType = sourcecode.swift; path = WDHistoryController.swift; sourceTree = "<group>"; };
		C242C493227077A6008B359A /* WDHistoryView.swift */ = {isa = PBXFileReference; lastKnownFileType = sourcecode.swift; path = WDHistoryView.swift; sourceTree = "<group>"; };
		C242C49522707971008B359A /* Map.storyboard */ = {isa = PBXFileReference; lastKnownFileType = file.storyboard; path = Map.storyboard; sourceTree = "<group>"; };
		C242C49722707A16008B359A /* MapView.swift */ = {isa = PBXFileReference; lastKnownFileType = sourcecode.swift; name = MapView.swift; path = "Tips-MartDemo/Screens/MapScene/MapView.swift"; sourceTree = SOURCE_ROOT; };
		C242C49922707A2A008B359A /* MapViewController.swift */ = {isa = PBXFileReference; lastKnownFileType = sourcecode.swift; path = MapViewController.swift; sourceTree = "<group>"; };
		C242C49D2270A127008B359A /* NotoficationCell.swift */ = {isa = PBXFileReference; lastKnownFileType = sourcecode.swift; path = NotoficationCell.swift; sourceTree = "<group>"; };
		C2492A992260996A007E2037 /* Profile.storyboard */ = {isa = PBXFileReference; lastKnownFileType = file.storyboard; path = Profile.storyboard; sourceTree = "<group>"; };
		C2492A9B2260A249007E2037 /* MainPageViewController.swift */ = {isa = PBXFileReference; lastKnownFileType = sourcecode.swift; path = MainPageViewController.swift; sourceTree = "<group>"; };
		C2492A9D2260A25E007E2037 /* MainPageView.swift */ = {isa = PBXFileReference; lastKnownFileType = sourcecode.swift; path = MainPageView.swift; sourceTree = "<group>"; };
		C25A13B7225B405F00499C3C /* CustomFonts.swift */ = {isa = PBXFileReference; lastKnownFileType = sourcecode.swift; path = CustomFonts.swift; sourceTree = "<group>"; };
		C25BBF652255E0D2008D78F9 /* Tips-MartDemo.app */ = {isa = PBXFileReference; explicitFileType = wrapper.application; includeInIndex = 0; path = "Tips-MartDemo.app"; sourceTree = BUILT_PRODUCTS_DIR; };
		C25BBF682255E0D2008D78F9 /* AppDelegate.swift */ = {isa = PBXFileReference; lastKnownFileType = sourcecode.swift; path = AppDelegate.swift; sourceTree = "<group>"; };
		C25BBF6A2255E0D2008D78F9 /* ViewController.swift */ = {isa = PBXFileReference; lastKnownFileType = sourcecode.swift; path = ViewController.swift; sourceTree = "<group>"; };
		C25BBF6D2255E0D2008D78F9 /* Base */ = {isa = PBXFileReference; lastKnownFileType = file.storyboard; name = Base; path = Base.lproj/Main.storyboard; sourceTree = "<group>"; };
		C25BBF702255E0D2008D78F9 /* Tips_MartDemo.xcdatamodel */ = {isa = PBXFileReference; lastKnownFileType = wrapper.xcdatamodel; path = Tips_MartDemo.xcdatamodel; sourceTree = "<group>"; };
		C25BBF722255E0D3008D78F9 /* Assets.xcassets */ = {isa = PBXFileReference; lastKnownFileType = folder.assetcatalog; path = Assets.xcassets; sourceTree = "<group>"; };
		C25BBF752255E0D3008D78F9 /* Base */ = {isa = PBXFileReference; lastKnownFileType = file.storyboard; name = Base; path = Base.lproj/LaunchScreen.storyboard; sourceTree = "<group>"; };
		C25BBF772255E0D3008D78F9 /* Info.plist */ = {isa = PBXFileReference; lastKnownFileType = text.plist.xml; path = Info.plist; sourceTree = "<group>"; };
		C270FC862269BD750059F161 /* Refresh.swift */ = {isa = PBXFileReference; lastKnownFileType = sourcecode.swift; path = Refresh.swift; sourceTree = "<group>"; };
		C270FC882269C1C80059F161 /* RefreshModel.swift */ = {isa = PBXFileReference; lastKnownFileType = sourcecode.swift; path = RefreshModel.swift; sourceTree = "<group>"; };
		C270FC8A2269DEF10059F161 /* ReferalScreen.storyboard */ = {isa = PBXFileReference; lastKnownFileType = file.storyboard; path = ReferalScreen.storyboard; sourceTree = "<group>"; };
		C270FC8C2269F5510059F161 /* MoreScreen.storyboard */ = {isa = PBXFileReference; lastKnownFileType = file.storyboard; path = MoreScreen.storyboard; sourceTree = "<group>"; };
		C27A02142272F03D0005BE33 /* ExtensionUiTextField.swift */ = {isa = PBXFileReference; lastKnownFileType = sourcecode.swift; path = ExtensionUiTextField.swift; sourceTree = "<group>"; };
		C27A02162272F6F20005BE33 /* MainNotificationView.swift */ = {isa = PBXFileReference; lastKnownFileType = sourcecode.swift; path = MainNotificationView.swift; sourceTree = "<group>"; };
		C27A021822731C390005BE33 /* TimerForRefresh.swift */ = {isa = PBXFileReference; lastKnownFileType = sourcecode.swift; path = TimerForRefresh.swift; sourceTree = "<group>"; };
		C27E331B227C291000F4BF56 /* SearchShopRealm.swift */ = {isa = PBXFileReference; lastKnownFileType = sourcecode.swift; path = SearchShopRealm.swift; sourceTree = "<group>"; };
		C27FF73A227B022100E04B0F /* NotifTableView.swift */ = {isa = PBXFileReference; lastKnownFileType = sourcecode.swift; path = NotifTableView.swift; sourceTree = "<group>"; };
		C283C842228034BD00714B98 /* AnimateView.swift */ = {isa = PBXFileReference; lastKnownFileType = sourcecode.swift; path = AnimateView.swift; sourceTree = "<group>"; };
		C283C8482280380A00714B98 /* LoginScreen.storyboard */ = {isa = PBXFileReference; lastKnownFileType = file.storyboard; path = LoginScreen.storyboard; sourceTree = "<group>"; };
		C29356DE225CA7E8004F4510 /* RegistrationModelAPI.swift */ = {isa = PBXFileReference; lastKnownFileType = sourcecode.swift; path = RegistrationModelAPI.swift; sourceTree = "<group>"; };
		C29356E5225CAF39004F4510 /* APIManager.swift */ = {isa = PBXFileReference; lastKnownFileType = sourcecode.swift; path = APIManager.swift; sourceTree = "<group>"; };
		C293570A225CCF38004F4510 /* AuthModel.swift */ = {isa = PBXFileReference; lastKnownFileType = sourcecode.swift; path = AuthModel.swift; sourceTree = "<group>"; };
		C299E5342271C9B100D6CC05 /* RealmModel.swift */ = {isa = PBXFileReference; lastKnownFileType = sourcecode.swift; path = RealmModel.swift; sourceTree = "<group>"; };
		C2BA3C6C22579FFA0016CA9E /* GoogleService-Info.plist */ = {isa = PBXFileReference; fileEncoding = 4; lastKnownFileType = text.plist.xml; path = "GoogleService-Info.plist"; sourceTree = "<group>"; };
		C2BA3C6E2257CEA50016CA9E /* FBSDKCoreKit.framework */ = {isa = PBXFileReference; explicitFileType = wrapper.framework; path = FBSDKCoreKit.framework; sourceTree = BUILT_PRODUCTS_DIR; };
		C2BA3C702257CEA50016CA9E /* FBSDKLoginKit.framework */ = {isa = PBXFileReference; explicitFileType = wrapper.framework; path = FBSDKLoginKit.framework; sourceTree = BUILT_PRODUCTS_DIR; };
		C2C96D202255FC17009F7050 /* WaitingScreenController.swift */ = {isa = PBXFileReference; lastKnownFileType = sourcecode.swift; path = WaitingScreenController.swift; sourceTree = "<group>"; };
		C2D8BC27226E014100001C99 /* OperationHistory.storyboard */ = {isa = PBXFileReference; lastKnownFileType = file.storyboard; path = OperationHistory.storyboard; sourceTree = "<group>"; };
		C2D8BC29226E069000001C99 /* OperationHistoryController.swift */ = {isa = PBXFileReference; lastKnownFileType = sourcecode.swift; path = OperationHistoryController.swift; sourceTree = "<group>"; };
		C2D8BC2B226E071700001C99 /* HistoryCell.swift */ = {isa = PBXFileReference; lastKnownFileType = sourcecode.swift; path = HistoryCell.swift; sourceTree = "<group>"; };
		C2D8BC2D226E07A500001C99 /* OperationHistoryView.swift */ = {isa = PBXFileReference; lastKnownFileType = sourcecode.swift; path = OperationHistoryView.swift; sourceTree = "<group>"; };
		C2D8BC2F226EFB3100001C99 /* OperationHistoryModel.swift */ = {isa = PBXFileReference; lastKnownFileType = sourcecode.swift; path = OperationHistoryModel.swift; sourceTree = "<group>"; };
		C2D8BC33226F0BED00001C99 /* HTMLParser.swift */ = {isa = PBXFileReference; lastKnownFileType = sourcecode.swift; path = HTMLParser.swift; sourceTree = "<group>"; };
		C2D8BC56226F198800001C99 /* OperationHistoryAPI.swift */ = {isa = PBXFileReference; lastKnownFileType = sourcecode.swift; path = OperationHistoryAPI.swift; sourceTree = "<group>"; };
		C2D8BC58226F3A1C00001C99 /* NotificationsMain.storyboard */ = {isa = PBXFileReference; lastKnownFileType = file.storyboard; path = NotificationsMain.storyboard; sourceTree = "<group>"; };
		C2D8BC5C226F3E9100001C99 /* MainNotificationsController.swift */ = {isa = PBXFileReference; lastKnownFileType = sourcecode.swift; path = MainNotificationsController.swift; sourceTree = "<group>"; };
		C2D8BC60226F4C0500001C99 /* NotifTable.storyboard */ = {isa = PBXFileReference; lastKnownFileType = file.storyboard; path = NotifTable.storyboard; sourceTree = "<group>"; };
		C2D8BC62226F50F700001C99 /* NotTableViewController.swift */ = {isa = PBXFileReference; lastKnownFileType = sourcecode.swift; path = NotTableViewController.swift; sourceTree = "<group>"; };
		C2D8BC64226F5A6E00001C99 /* MoreScreenView.swift */ = {isa = PBXFileReference; lastKnownFileType = sourcecode.swift; path = MoreScreenView.swift; sourceTree = "<group>"; };
		C2D8BC66226F5B0100001C99 /* ReferalView.swift */ = {isa = PBXFileReference; lastKnownFileType = sourcecode.swift; path = ReferalView.swift; sourceTree = "<group>"; };
		C2D8BC68226F5D0300001C99 /* MoreViewController.swift */ = {isa = PBXFileReference; lastKnownFileType = sourcecode.swift; path = MoreViewController.swift; sourceTree = "<group>"; };
		C2D8BC6A226F5D0E00001C99 /* ReferalsViewController.swift */ = {isa = PBXFileReference; lastKnownFileType = sourcecode.swift; path = ReferalsViewController.swift; sourceTree = "<group>"; };
		C2E5962D225DDE87001D09D9 /* APIRegComplete.swift */ = {isa = PBXFileReference; lastKnownFileType = sourcecode.swift; path = APIRegComplete.swift; sourceTree = "<group>"; };
		C2E5962F225DE2E5001D09D9 /* RegModel.swift */ = {isa = PBXFileReference; lastKnownFileType = sourcecode.swift; path = RegModel.swift; sourceTree = "<group>"; };
		C2E59635225E0BBE001D09D9 /* APILogin.swift */ = {isa = PBXFileReference; lastKnownFileType = sourcecode.swift; path = APILogin.swift; sourceTree = "<group>"; };
		C2E699F92258B2B0006FDDDB /* gotham_pro.ttf */ = {isa = PBXFileReference; lastKnownFileType = file; path = gotham_pro.ttf; sourceTree = "<group>"; };
		C2E699FB2258B2B8006FDDDB /* gotham_pro_bold.ttf */ = {isa = PBXFileReference; lastKnownFileType = file; path = gotham_pro_bold.ttf; sourceTree = "<group>"; };
		C2E699FD2258B2D0006FDDDB /* gotham_pro_light.ttf */ = {isa = PBXFileReference; lastKnownFileType = file; path = gotham_pro_light.ttf; sourceTree = "<group>"; };
		C2E699FF2258B2D8006FDDDB /* gotham_pro_medium.ttf */ = {isa = PBXFileReference; lastKnownFileType = file; path = gotham_pro_medium.ttf; sourceTree = "<group>"; };
		C2E69A0322596327006FDDDB /* FloatingTextField.swift */ = {isa = PBXFileReference; lastKnownFileType = sourcecode.swift; path = FloatingTextField.swift; sourceTree = "<group>"; };
		C2E69A052259636F006FDDDB /* ValidPhonePass.swift */ = {isa = PBXFileReference; lastKnownFileType = sourcecode.swift; path = ValidPhonePass.swift; sourceTree = "<group>"; };
		C2E69A07225975B4006FDDDB /* HideOrNot.swift */ = {isa = PBXFileReference; lastKnownFileType = sourcecode.swift; path = HideOrNot.swift; sourceTree = "<group>"; };
		C2F285F4226DDF42005DC8F8 /* WaitingScreen.storyboard */ = {isa = PBXFileReference; lastKnownFileType = file.storyboard; path = WaitingScreen.storyboard; sourceTree = "<group>"; };
		C2F285F6226DF086005DC8F8 /* GetReferalsIncome.swift */ = {isa = PBXFileReference; lastKnownFileType = sourcecode.swift; path = GetReferalsIncome.swift; sourceTree = "<group>"; };
		C2F285F8226DF0EA005DC8F8 /* GetInfoModel.swift */ = {isa = PBXFileReference; lastKnownFileType = sourcecode.swift; path = GetInfoModel.swift; sourceTree = "<group>"; };
		C2F285FA226DF5F6005DC8F8 /* URLS.swift */ = {isa = PBXFileReference; lastKnownFileType = sourcecode.swift; path = URLS.swift; sourceTree = "<group>"; };
		C2FC25E022805C7C00395247 /* LoginViewController.swift */ = {isa = PBXFileReference; lastKnownFileType = sourcecode.swift; path = LoginViewController.swift; sourceTree = "<group>"; };
		C2FC25E222805FA100395247 /* LoginView.swift */ = {isa = PBXFileReference; lastKnownFileType = sourcecode.swift; path = LoginView.swift; sourceTree = "<group>"; };
		F9A8CEB52E327CBAC097D76E /* Pods_Tips_MartDemo.framework */ = {isa = PBXFileReference; explicitFileType = wrapper.framework; includeInIndex = 0; path = Pods_Tips_MartDemo.framework; sourceTree = BUILT_PRODUCTS_DIR; };
/* End PBXFileReference section */

/* Begin PBXFrameworksBuildPhase section */
		C25BBF622255E0D2008D78F9 /* Frameworks */ = {
			isa = PBXFrameworksBuildPhase;
			buildActionMask = 2147483647;
			files = (
				C6EEFF074AC8CA70738BF766 /* Pods_Tips_MartDemo.framework in Frameworks */,
			);
			runOnlyForDeploymentPostprocessing = 0;
		};
/* End PBXFrameworksBuildPhase section */

/* Begin PBXGroup section */
		77D1A4D29CE950756B10B282 /* Frameworks */ = {
			isa = PBXGroup;
			children = (
				C2BA3C6E2257CEA50016CA9E /* FBSDKCoreKit.framework */,
				C2BA3C702257CEA50016CA9E /* FBSDKLoginKit.framework */,
				F9A8CEB52E327CBAC097D76E /* Pods_Tips_MartDemo.framework */,
			);
			name = Frameworks;
			sourceTree = "<group>";
		};
		C221B8432282CEB30081BFB1 /* ActivityIndicator */ = {
			isa = PBXGroup;
			children = (
				C221B83F2282CC7B0081BFB1 /* BlurView.swift */,
			);
			path = ActivityIndicator;
			sourceTree = "<group>";
		};
		C221B8442282CEC60081BFB1 /* CustomButtons */ = {
			isa = PBXGroup;
			children = (
				C24115142281B3AF004F41E1 /* CheckBoxButton.swift */,
				C24115192281B933004F41E1 /* MaleButton.swift */,
				C241151B2281B95A004F41E1 /* FemaleButton.swift */,
				C221B8462282D9D00081BFB1 /* SighnInButton.swift */,
			);
			path = CustomButtons;
			sourceTree = "<group>";
		};
		C221B8452282CEDE0081BFB1 /* CustomTextField */ = {
			isa = PBXGroup;
			children = (
				C2E69A0322596327006FDDDB /* FloatingTextField.swift */,
			);
			path = CustomTextField;
			sourceTree = "<group>";
		};
		C221B8482282FF5C0081BFB1 /* Registration */ = {
			isa = PBXGroup;
			children = (
				C24115252281C1E7004F41E1 /* UserDataModel.swift */,
				C24115272281C346004F41E1 /* UserDataBase.swift */,
			);
			path = Registration;
			sourceTree = "<group>";
		};
		C221B8492282FF730081BFB1 /* Login */ = {
			isa = PBXGroup;
			children = (
				C221B84A2282FF920081BFB1 /* LoginViewModel.swift */,
				C221B84C2282FFCB0081BFB1 /* LoginDataBase.swift */,
			);
			path = Login;
			sourceTree = "<group>";
		};
		C24114FF22817D89004F41E1 /* App */ = {
			isa = PBXGroup;
			children = (
				C25BBF662255E0D2008D78F9 /* Products */,
				C25BBF682255E0D2008D78F9 /* AppDelegate.swift */,
			);
			path = App;
			sourceTree = "<group>";
		};
		C241150022817DAD004F41E1 /* Screens */ = {
			isa = PBXGroup;
			children = (
				C241151322818141004F41E1 /* MapScene */,
				C241151222818119004F41E1 /* MainTabBarScene */,
				C2411510228180C8004F41E1 /* LoginScene */,
				C2411511228180EF004F41E1 /* PreLaunchScreen */,
				C241150F2281809F004F41E1 /* MoreScene */,
				C241150E2281805A004F41E1 /* ReferalsScene */,
				C241150D22818020004F41E1 /* PurchasesHistoryScene */,
				C241150C22817FB4004F41E1 /* WDScreens */,
				C241150B22817F65004F41E1 /* WebView */,
				C241150822817EDB004F41E1 /* Shops */,
				C241150522817E74004F41E1 /* Notifications */,
				C241150422817E4B004F41E1 /* ProfileScene */,
				C241150322817E0C004F41E1 /* MainPageScreen */,
				C241150122817DC3004F41E1 /* BarCodeScreen */,
				C2C96D222255FC1C009F7050 /* LauncScreen */,
			);
			path = Screens;
			sourceTree = "<group>";
		};
		C241150122817DC3004F41E1 /* BarCodeScreen */ = {
			isa = PBXGroup;
			children = (
				C242836C2264F51F00750768 /* BarCodeView.swift */,
				C242836A2264F38700750768 /* BarCode.storyboard */,
				C24283682264F36200750768 /* BorCodeGenViewController.swift */,
			);
			path = BarCodeScreen;
			sourceTree = "<group>";
		};
		C241150322817E0C004F41E1 /* MainPageScreen */ = {
			isa = PBXGroup;
			children = (
				C2492A992260996A007E2037 /* Profile.storyboard */,
				C2492A9B2260A249007E2037 /* MainPageViewController.swift */,
				C2492A9D2260A25E007E2037 /* MainPageView.swift */,
			);
			path = MainPageScreen;
			sourceTree = "<group>";
		};
		C241150422817E4B004F41E1 /* ProfileScene */ = {
			isa = PBXGroup;
			children = (
				C2369BB42265C32100FBB386 /* AccountViewController.swift */,
				C24283662264D3C200750768 /* Account.storyboard */,
				C2369BB22265C2DA00FBB386 /* AccountView.swift */,
			);
			path = ProfileScene;
			sourceTree = "<group>";
		};
		C241150522817E74004F41E1 /* Notifications */ = {
			isa = PBXGroup;
			children = (
				C241150722817EBE004F41E1 /* View */,
				C241150622817EAC004F41E1 /* Controller */,
			);
			path = Notifications;
			sourceTree = "<group>";
		};
		C241150622817EAC004F41E1 /* Controller */ = {
			isa = PBXGroup;
			children = (
				C2D8BC62226F50F700001C99 /* NotTableViewController.swift */,
				C2D8BC5C226F3E9100001C99 /* MainNotificationsController.swift */,
			);
			path = Controller;
			sourceTree = "<group>";
		};
		C241150722817EBE004F41E1 /* View */ = {
			isa = PBXGroup;
			children = (
				C2D8BC58226F3A1C00001C99 /* NotificationsMain.storyboard */,
				C2D8BC60226F4C0500001C99 /* NotifTable.storyboard */,
				C27FF73A227B022100E04B0F /* NotifTableView.swift */,
				C27A02162272F6F20005BE33 /* MainNotificationView.swift */,
				C242C49D2270A127008B359A /* NotoficationCell.swift */,
			);
			path = View;
			sourceTree = "<group>";
		};
		C241150822817EDB004F41E1 /* Shops */ = {
			isa = PBXGroup;
			children = (
				C241150A22817F49004F41E1 /* View */,
				C241150922817F38004F41E1 /* Controller */,
			);
			path = Shops;
			sourceTree = "<group>";
		};
		C241150922817F38004F41E1 /* Controller */ = {
			isa = PBXGroup;
			children = (
				C2429B2322660D8200EB7942 /* ShopsMainController.swift */,
				C22C987D226798F900BC2106 /* DetailShopViewController.swift */,
			);
			path = Controller;
			sourceTree = "<group>";
		};
		C241150A22817F49004F41E1 /* View */ = {
			isa = PBXGroup;
			children = (
				C22C98772267987600BC2106 /* DetailShopView.storyboard */,
				C23E9F6522670DDF002191E3 /* Shops.storyboard */,
				C22C9879226798B800BC2106 /* DetailShopView.swift */,
				C2429B552266171A00EB7942 /* ShopsTableViewCell.swift */,
			);
			path = View;
			sourceTree = "<group>";
		};
		C241150B22817F65004F41E1 /* WebView */ = {
			isa = PBXGroup;
			children = (
				C2059FD12265F53500736885 /* WebViewController.swift */,
				C2059FCD2265F4BC00736885 /* WebView.storyboard */,
				C2059FCF2265F50D00736885 /* WebView.swift */,
			);
			path = WebView;
			sourceTree = "<group>";
		};
		C241150C22817FB4004F41E1 /* WDScreens */ = {
			isa = PBXGroup;
			children = (
				C242C4912270770F008B359A /* WDHistoryController.swift */,
				C242C48D2270748F008B359A /* WDView.swift */,
				C242C493227077A6008B359A /* WDHistoryView.swift */,
				C242C48F2270750A008B359A /* WDHistory.storyboard */,
				C242C489227067AC008B359A /* WithDrawal.storyboard */,
				C242C48B22706E34008B359A /* WDViewController.swift */,
			);
			path = WDScreens;
			sourceTree = "<group>";
		};
		C241150D22818020004F41E1 /* PurchasesHistoryScene */ = {
			isa = PBXGroup;
			children = (
				C2D8BC2D226E07A500001C99 /* OperationHistoryView.swift */,
				C2D8BC27226E014100001C99 /* OperationHistory.storyboard */,
				C2D8BC2B226E071700001C99 /* HistoryCell.swift */,
				C2D8BC29226E069000001C99 /* OperationHistoryController.swift */,
			);
			path = PurchasesHistoryScene;
			sourceTree = "<group>";
		};
		C241150E2281805A004F41E1 /* ReferalsScene */ = {
			isa = PBXGroup;
			children = (
				C2D8BC66226F5B0100001C99 /* ReferalView.swift */,
				C270FC8A2269DEF10059F161 /* ReferalScreen.storyboard */,
				C2D8BC6A226F5D0E00001C99 /* ReferalsViewController.swift */,
			);
			path = ReferalsScene;
			sourceTree = "<group>";
		};
		C241150F2281809F004F41E1 /* MoreScene */ = {
			isa = PBXGroup;
			children = (
				C270FC8C2269F5510059F161 /* MoreScreen.storyboard */,
				C2D8BC68226F5D0300001C99 /* MoreViewController.swift */,
				C2D8BC64226F5A6E00001C99 /* MoreScreenView.swift */,
			);
			path = MoreScene;
			sourceTree = "<group>";
		};
		C2411510228180C8004F41E1 /* LoginScene */ = {
			isa = PBXGroup;
			children = (
				C24115242281C1D3004F41E1 /* Model */,
				C24115232281C1B8004F41E1 /* Controller */,
				C24115222281C1A3004F41E1 /* View */,
				C241151D2281BFF3004F41E1 /* Extension */,
				C24115162281B7DC004F41E1 /* Minions */,
			);
			path = LoginScene;
			sourceTree = "<group>";
		};
		C2411511228180EF004F41E1 /* PreLaunchScreen */ = {
			isa = PBXGroup;
			children = (
				C2F285F4226DDF42005DC8F8 /* WaitingScreen.storyboard */,
				C2C96D202255FC17009F7050 /* WaitingScreenController.swift */,
			);
			path = PreLaunchScreen;
			sourceTree = "<group>";
		};
		C241151222818119004F41E1 /* MainTabBarScene */ = {
			isa = PBXGroup;
			children = (
				C25BBF6C2255E0D2008D78F9 /* Main.storyboard */,
				C24283622264C04400750768 /* MainTabBarControllerViewController.swift */,
				C25BBF6A2255E0D2008D78F9 /* ViewController.swift */,
			);
			path = MainTabBarScene;
			sourceTree = "<group>";
		};
		C241151322818141004F41E1 /* MapScene */ = {
			isa = PBXGroup;
			children = (
				C242C49522707971008B359A /* Map.storyboard */,
				C242C49722707A16008B359A /* MapView.swift */,
				C242C49922707A2A008B359A /* MapViewController.swift */,
			);
			path = MapScene;
			sourceTree = "<group>";
		};
		C24115162281B7DC004F41E1 /* Minions */ = {
			isa = PBXGroup;
			children = (
				C221B8452282CEDE0081BFB1 /* CustomTextField */,
				C221B8442282CEC60081BFB1 /* CustomButtons */,
				C221B8432282CEB30081BFB1 /* ActivityIndicator */,
			);
			path = Minions;
			sourceTree = "<group>";
		};
		C241151D2281BFF3004F41E1 /* Extension */ = {
			isa = PBXGroup;
			children = (
				C241151E2281C013004F41E1 /* LoginControllerForPhoneFormatter.swift */,
				C24115202281C080004F41E1 /* LoginVCLittleFunctions.swift */,
			);
			path = Extension;
			sourceTree = "<group>";
		};
		C24115222281C1A3004F41E1 /* View */ = {
			isa = PBXGroup;
			children = (
				C283C8482280380A00714B98 /* LoginScreen.storyboard */,
				C2FC25E222805FA100395247 /* LoginView.swift */,
			);
			path = View;
			sourceTree = "<group>";
		};
		C24115232281C1B8004F41E1 /* Controller */ = {
			isa = PBXGroup;
			children = (
				C2FC25E022805C7C00395247 /* LoginViewController.swift */,
			);
			path = Controller;
			sourceTree = "<group>";
		};
		C24115242281C1D3004F41E1 /* Model */ = {
			isa = PBXGroup;
			children = (
				C221B8492282FF730081BFB1 /* Login */,
				C221B8482282FF5C0081BFB1 /* Registration */,
			);
			path = Model;
			sourceTree = "<group>";
		};
		C242836E2264F64100750768 /* Helpers */ = {
			isa = PBXGroup;
			children = (
				C24283642264C8DC00750768 /* ErrorAlerts.swift */,
				C2D8BC33226F0BED00001C99 /* HTMLParser.swift */,
				C27A02142272F03D0005BE33 /* ExtensionUiTextField.swift */,
				C242836F2264F65200750768 /* BarCodeGenerator.swift */,
				C2E69A07225975B4006FDDDB /* HideOrNot.swift */,
				C2E69A052259636F006FDDDB /* ValidPhonePass.swift */,
				C27A021822731C390005BE33 /* TimerForRefresh.swift */,
				C27E331B227C291000F4BF56 /* SearchShopRealm.swift */,
				C283C842228034BD00714B98 /* AnimateView.swift */,
			);
			path = Helpers;
			sourceTree = "<group>";
		};
		C25BBF5C2255E0D2008D78F9 = {
			isa = PBXGroup;
			children = (
				C25BBF672255E0D2008D78F9 /* Tips-MartDemo */,
				DB4E567917A9798C36844C29 /* Pods */,
				77D1A4D29CE950756B10B282 /* Frameworks */,
			);
			sourceTree = "<group>";
		};
		C25BBF662255E0D2008D78F9 /* Products */ = {
			isa = PBXGroup;
			children = (
				C25BBF652255E0D2008D78F9 /* Tips-MartDemo.app */,
			);
			name = Products;
			path = ../..;
			sourceTree = "<group>";
		};
		C25BBF672255E0D2008D78F9 /* Tips-MartDemo */ = {
			isa = PBXGroup;
			children = (
				C241150022817DAD004F41E1 /* Screens */,
				C24114FF22817D89004F41E1 /* App */,
				C299E5332271C9A300D6CC05 /* Realm */,
				C242836E2264F64100750768 /* Helpers */,
				C29356E2225CAF13004F4510 /* APIManager */,
				C2BE0BF0225B656A00A0BFCF /* Model */,
				C2E699F82258B26C006FDDDB /* Fonts */,
				C25BBF722255E0D3008D78F9 /* Assets.xcassets */,
				C25BBF772255E0D3008D78F9 /* Info.plist */,
				C2F285FA226DF5F6005DC8F8 /* URLS.swift */,
				C25BBF6F2255E0D2008D78F9 /* Tips_MartDemo.xcdatamodeld */,
				C2BA3C6C22579FFA0016CA9E /* GoogleService-Info.plist */,
			);
			path = "Tips-MartDemo";
			sourceTree = "<group>";
		};
		C29356E2225CAF13004F4510 /* APIManager */ = {
			isa = PBXGroup;
			children = (
				C29356E5225CAF39004F4510 /* APIManager.swift */,
				C2E5962D225DDE87001D09D9 /* APIRegComplete.swift */,
				C2E59635225E0BBE001D09D9 /* APILogin.swift */,
				C242836022646A5500750768 /* APIChangeInfo.swift */,
				C23E9F6922671FDF002191E3 /* ShopsAPIRequest.swift */,
				C217763B22675E1800D6C97A /* GetLogos.swift */,
				C270FC862269BD750059F161 /* Refresh.swift */,
				C2184A97226DB0C300ABE8C3 /* RefreshBalance.swift */,
				C2F285F6226DF086005DC8F8 /* GetReferalsIncome.swift */,
				C2D8BC56226F198800001C99 /* OperationHistoryAPI.swift */,
			);
			path = APIManager;
			sourceTree = "<group>";
		};
		C299E5332271C9A300D6CC05 /* Realm */ = {
			isa = PBXGroup;
			children = (
				C299E5342271C9B100D6CC05 /* RealmModel.swift */,
			);
			path = Realm;
			sourceTree = "<group>";
		};
		C2BE0BF0225B656A00A0BFCF /* Model */ = {
			isa = PBXGroup;
			children = (
				C29356DE225CA7E8004F4510 /* RegistrationModelAPI.swift */,
				C293570A225CCF38004F4510 /* AuthModel.swift */,
				C2D8BC2F226EFB3100001C99 /* OperationHistoryModel.swift */,
				C270FC882269C1C80059F161 /* RefreshModel.swift */,
				C2E5962F225DE2E5001D09D9 /* RegModel.swift */,
				C242835E226469B200750768 /* ProfileModel.swift */,
				C23E9F6722671DFB002191E3 /* ShopsModel.swift */,
				C2184A99226DB22D00ABE8C3 /* RefreshBalanceModel.swift */,
				C2F285F8226DF0EA005DC8F8 /* GetInfoModel.swift */,
			);
			path = Model;
			sourceTree = "<group>";
		};
		C2C96D222255FC1C009F7050 /* LauncScreen */ = {
			isa = PBXGroup;
			children = (
				C25BBF742255E0D3008D78F9 /* LaunchScreen.storyboard */,
			);
			path = LauncScreen;
			sourceTree = "<group>";
		};
		C2E699F82258B26C006FDDDB /* Fonts */ = {
			isa = PBXGroup;
			children = (
				C25A13B7225B405F00499C3C /* CustomFonts.swift */,
				C2E699F92258B2B0006FDDDB /* gotham_pro.ttf */,
				C2E699FB2258B2B8006FDDDB /* gotham_pro_bold.ttf */,
				C2E699FD2258B2D0006FDDDB /* gotham_pro_light.ttf */,
				C2E699FF2258B2D8006FDDDB /* gotham_pro_medium.ttf */,
			);
			path = Fonts;
			sourceTree = "<group>";
		};
		DB4E567917A9798C36844C29 /* Pods */ = {
			isa = PBXGroup;
			children = (
				5BD178FC3E760D3DA416BF08 /* Pods-Tips-MartDemo.debug.xcconfig */,
				3EBC54FE841F31A392D6F0C0 /* Pods-Tips-MartDemo.release.xcconfig */,
			);
			name = Pods;
			sourceTree = "<group>";
		};
/* End PBXGroup section */

/* Begin PBXNativeTarget section */
		C25BBF642255E0D2008D78F9 /* Tips-MartDemo */ = {
			isa = PBXNativeTarget;
			buildConfigurationList = C25BBF7A2255E0D3008D78F9 /* Build configuration list for PBXNativeTarget "Tips-MartDemo" */;
			buildPhases = (
				FC718620AC636F7B211B50EA /* [CP] Check Pods Manifest.lock */,
				C25BBF612255E0D2008D78F9 /* Sources */,
				C25BBF622255E0D2008D78F9 /* Frameworks */,
				C25BBF632255E0D2008D78F9 /* Resources */,
				46E328F1B678CC001F503C40 /* [CP] Embed Pods Frameworks */,
			);
			buildRules = (
			);
			dependencies = (
			);
			name = "Tips-MartDemo";
			productName = "Tips-MartDemo";
			productReference = C25BBF652255E0D2008D78F9 /* Tips-MartDemo.app */;
			productType = "com.apple.product-type.application";
		};
/* End PBXNativeTarget section */

/* Begin PBXProject section */
		C25BBF5D2255E0D2008D78F9 /* Project object */ = {
			isa = PBXProject;
			attributes = {
				LastSwiftUpdateCheck = 1020;
				LastUpgradeCheck = 1020;
				ORGANIZATIONNAME = "Andrey Petrovskiy";
				TargetAttributes = {
					C25BBF642255E0D2008D78F9 = {
						CreatedOnToolsVersion = 10.2;
						LastSwiftMigration = 1020;
					};
				};
			};
			buildConfigurationList = C25BBF602255E0D2008D78F9 /* Build configuration list for PBXProject "Tips-MartDemo" */;
			compatibilityVersion = "Xcode 9.3";
			developmentRegion = en;
			hasScannedForEncodings = 0;
			knownRegions = (
				en,
				Base,
			);
			mainGroup = C25BBF5C2255E0D2008D78F9;
			productRefGroup = C25BBF662255E0D2008D78F9 /* Products */;
			projectDirPath = "";
			projectRoot = "";
			targets = (
				C25BBF642255E0D2008D78F9 /* Tips-MartDemo */,
			);
		};
/* End PBXProject section */

/* Begin PBXResourcesBuildPhase section */
		C25BBF632255E0D2008D78F9 /* Resources */ = {
			isa = PBXResourcesBuildPhase;
			buildActionMask = 2147483647;
			files = (
				C270FC8B2269DEF10059F161 /* ReferalScreen.storyboard in Resources */,
				C25BBF762255E0D3008D78F9 /* LaunchScreen.storyboard in Resources */,
				C2D8BC61226F4C0500001C99 /* NotifTable.storyboard in Resources */,
				C2E69A002258B2D8006FDDDB /* gotham_pro_medium.ttf in Resources */,
				C23E9F6622670DE0002191E3 /* Shops.storyboard in Resources */,
				C242836B2264F38700750768 /* BarCode.storyboard in Resources */,
				C24283672264D3C200750768 /* Account.storyboard in Resources */,
				C242C48A227067AC008B359A /* WithDrawal.storyboard in Resources */,
				C2E699FA2258B2B0006FDDDB /* gotham_pro.ttf in Resources */,
				C283C8492280380A00714B98 /* LoginScreen.storyboard in Resources */,
				C270FC8D2269F5510059F161 /* MoreScreen.storyboard in Resources */,
				C2BA3C6D22579FFB0016CA9E /* GoogleService-Info.plist in Resources */,
				C242C49622707971008B359A /* Map.storyboard in Resources */,
				C22C98782267987600BC2106 /* DetailShopView.storyboard in Resources */,
				C25BBF732255E0D3008D78F9 /* Assets.xcassets in Resources */,
				C25BBF6E2255E0D2008D78F9 /* Main.storyboard in Resources */,
				C2492A9A2260996A007E2037 /* Profile.storyboard in Resources */,
				C2E699FE2258B2D0006FDDDB /* gotham_pro_light.ttf in Resources */,
				C2F285F5226DDF42005DC8F8 /* WaitingScreen.storyboard in Resources */,
				C2059FCE2265F4BC00736885 /* WebView.storyboard in Resources */,
				C242C4902270750B008B359A /* WDHistory.storyboard in Resources */,
				C2D8BC28226E014100001C99 /* OperationHistory.storyboard in Resources */,
				C2D8BC59226F3A1C00001C99 /* NotificationsMain.storyboard in Resources */,
				C2E699FC2258B2B8006FDDDB /* gotham_pro_bold.ttf in Resources */,
			);
			runOnlyForDeploymentPostprocessing = 0;
		};
/* End PBXResourcesBuildPhase section */

/* Begin PBXShellScriptBuildPhase section */
		46E328F1B678CC001F503C40 /* [CP] Embed Pods Frameworks */ = {
			isa = PBXShellScriptBuildPhase;
			buildActionMask = 2147483647;
			files = (
			);
			inputFileListPaths = (
			);
			inputPaths = (
				"${SRCROOT}/Pods/Target Support Files/Pods-Tips-MartDemo/Pods-Tips-MartDemo-frameworks.sh",
				"${BUILT_PRODUCTS_DIR}/BadgeSwift/BadgeSwift.framework",
				"${BUILT_PRODUCTS_DIR}/GoogleUtilities/GoogleUtilities.framework",
				"${BUILT_PRODUCTS_DIR}/NVActivityIndicatorView/NVActivityIndicatorView.framework",
				"${BUILT_PRODUCTS_DIR}/ReachabilitySwift/Reachability.framework",
				"${BUILT_PRODUCTS_DIR}/Realm/Realm.framework",
				"${BUILT_PRODUCTS_DIR}/RealmSwift/RealmSwift.framework",
				"${BUILT_PRODUCTS_DIR}/SwiftPhoneNumberFormatter/SwiftPhoneNumberFormatter.framework",
				"${BUILT_PRODUCTS_DIR}/SwiftSoup/SwiftSoup.framework",
				"${BUILT_PRODUCTS_DIR}/iOSUtilitiesSource/iOSUtilitiesSource.framework",
				"${BUILT_PRODUCTS_DIR}/leveldb-library/leveldb.framework",
				"${BUILT_PRODUCTS_DIR}/nanopb/nanopb.framework",
			);
			name = "[CP] Embed Pods Frameworks";
			outputFileListPaths = (
			);
			outputPaths = (
				"${TARGET_BUILD_DIR}/${FRAMEWORKS_FOLDER_PATH}/BadgeSwift.framework",
				"${TARGET_BUILD_DIR}/${FRAMEWORKS_FOLDER_PATH}/GoogleUtilities.framework",
				"${TARGET_BUILD_DIR}/${FRAMEWORKS_FOLDER_PATH}/NVActivityIndicatorView.framework",
				"${TARGET_BUILD_DIR}/${FRAMEWORKS_FOLDER_PATH}/Reachability.framework",
				"${TARGET_BUILD_DIR}/${FRAMEWORKS_FOLDER_PATH}/Realm.framework",
				"${TARGET_BUILD_DIR}/${FRAMEWORKS_FOLDER_PATH}/RealmSwift.framework",
				"${TARGET_BUILD_DIR}/${FRAMEWORKS_FOLDER_PATH}/SwiftPhoneNumberFormatter.framework",
				"${TARGET_BUILD_DIR}/${FRAMEWORKS_FOLDER_PATH}/SwiftSoup.framework",
				"${TARGET_BUILD_DIR}/${FRAMEWORKS_FOLDER_PATH}/iOSUtilitiesSource.framework",
				"${TARGET_BUILD_DIR}/${FRAMEWORKS_FOLDER_PATH}/leveldb.framework",
				"${TARGET_BUILD_DIR}/${FRAMEWORKS_FOLDER_PATH}/nanopb.framework",
			);
			runOnlyForDeploymentPostprocessing = 0;
			shellPath = /bin/sh;
			shellScript = "\"${SRCROOT}/Pods/Target Support Files/Pods-Tips-MartDemo/Pods-Tips-MartDemo-frameworks.sh\"\n";
			showEnvVarsInLog = 0;
		};
		FC718620AC636F7B211B50EA /* [CP] Check Pods Manifest.lock */ = {
			isa = PBXShellScriptBuildPhase;
			buildActionMask = 2147483647;
			files = (
			);
			inputFileListPaths = (
			);
			inputPaths = (
				"${PODS_PODFILE_DIR_PATH}/Podfile.lock",
				"${PODS_ROOT}/Manifest.lock",
			);
			name = "[CP] Check Pods Manifest.lock";
			outputFileListPaths = (
			);
			outputPaths = (
				"$(DERIVED_FILE_DIR)/Pods-Tips-MartDemo-checkManifestLockResult.txt",
			);
			runOnlyForDeploymentPostprocessing = 0;
			shellPath = /bin/sh;
			shellScript = "diff \"${PODS_PODFILE_DIR_PATH}/Podfile.lock\" \"${PODS_ROOT}/Manifest.lock\" > /dev/null\nif [ $? != 0 ] ; then\n    # print error to STDERR\n    echo \"error: The sandbox is not in sync with the Podfile.lock. Run 'pod install' or update your CocoaPods installation.\" >&2\n    exit 1\nfi\n# This output is used by Xcode 'outputs' to avoid re-running this script phase.\necho \"SUCCESS\" > \"${SCRIPT_OUTPUT_FILE_0}\"\n";
			showEnvVarsInLog = 0;
		};
/* End PBXShellScriptBuildPhase section */

/* Begin PBXSourcesBuildPhase section */
		C25BBF612255E0D2008D78F9 /* Sources */ = {
			isa = PBXSourcesBuildPhase;
			buildActionMask = 2147483647;
			files = (
				C23E9F6A22671FDF002191E3 /* ShopsAPIRequest.swift in Sources */,
				C2D8BC69226F5D0300001C99 /* MoreViewController.swift in Sources */,
				C242C49E2270A127008B359A /* NotoficationCell.swift in Sources */,
				C27A02172272F6F20005BE33 /* MainNotificationView.swift in Sources */,
				C29356E6225CAF39004F4510 /* APIManager.swift in Sources */,
				C24283652264C8DC00750768 /* ErrorAlerts.swift in Sources */,
				C2D8BC2E226E07A500001C99 /* OperationHistoryView.swift in Sources */,
				C22C987A226798B800BC2106 /* DetailShopView.swift in Sources */,
				C25BBF712255E0D2008D78F9 /* Tips_MartDemo.xcdatamodeld in Sources */,
				C2D8BC57226F198800001C99 /* OperationHistoryAPI.swift in Sources */,
				C242835F226469B200750768 /* ProfileModel.swift in Sources */,
				C2D8BC6B226F5D0E00001C99 /* ReferalsViewController.swift in Sources */,
				C242C48E2270748F008B359A /* WDView.swift in Sources */,
				C2D8BC2C226E071800001C99 /* HistoryCell.swift in Sources */,
				C29356DF225CA7E8004F4510 /* RegistrationModelAPI.swift in Sources */,
				C221B8402282CC7B0081BFB1 /* BlurView.swift in Sources */,
				C242836D2264F51F00750768 /* BarCodeView.swift in Sources */,
				C241151F2281C013004F41E1 /* LoginControllerForPhoneFormatter.swift in Sources */,
				C2369BB52265C32100FBB386 /* AccountViewController.swift in Sources */,
				C2492A9E2260A25E007E2037 /* MainPageView.swift in Sources */,
				C2F285F9226DF0EA005DC8F8 /* GetInfoModel.swift in Sources */,
				C2E5962E225DDE87001D09D9 /* APIRegComplete.swift in Sources */,
				C2E59630225DE2E5001D09D9 /* RegModel.swift in Sources */,
				C2184A9A226DB22D00ABE8C3 /* RefreshBalanceModel.swift in Sources */,
				C2D8BC2A226E069000001C99 /* OperationHistoryController.swift in Sources */,
				C25A13B8225B406000499C3C /* CustomFonts.swift in Sources */,
				C2059FD02265F50D00736885 /* WebView.swift in Sources */,
				C242836122646A5500750768 /* APIChangeInfo.swift in Sources */,
				C2184A98226DB0C300ABE8C3 /* RefreshBalance.swift in Sources */,
				C2FC25E322805FA100395247 /* LoginView.swift in Sources */,
				C221B84D2282FFCB0081BFB1 /* LoginDataBase.swift in Sources */,
				C2D8BC34226F0BED00001C99 /* HTMLParser.swift in Sources */,
				C217763C22675E1800D6C97A /* GetLogos.swift in Sources */,
				C27E331C227C291000F4BF56 /* SearchShopRealm.swift in Sources */,
				C25BBF6B2255E0D2008D78F9 /* ViewController.swift in Sources */,
				C24115152281B3B0004F41E1 /* CheckBoxButton.swift in Sources */,
				C27A02152272F03D0005BE33 /* ExtensionUiTextField.swift in Sources */,
				C2E69A062259636F006FDDDB /* ValidPhonePass.swift in Sources */,
				C241151C2281B95A004F41E1 /* FemaleButton.swift in Sources */,
				C299E5352271C9B100D6CC05 /* RealmModel.swift in Sources */,
				C24115262281C1E7004F41E1 /* UserDataModel.swift in Sources */,
				C22C987E226798F900BC2106 /* DetailShopViewController.swift in Sources */,
				C221B84B2282FF920081BFB1 /* LoginViewModel.swift in Sources */,
				C2E69A08225975B4006FDDDB /* HideOrNot.swift in Sources */,
				C24283692264F36200750768 /* BorCodeGenViewController.swift in Sources */,
				C2D8BC67226F5B0100001C99 /* ReferalView.swift in Sources */,
				C2D8BC5D226F3E9100001C99 /* MainNotificationsController.swift in Sources */,
				C283C843228034BD00714B98 /* AnimateView.swift in Sources */,
				C24115212281C080004F41E1 /* LoginVCLittleFunctions.swift in Sources */,
				C23E9F6822671DFB002191E3 /* ShopsModel.swift in Sources */,
				C27A021922731C390005BE33 /* TimerForRefresh.swift in Sources */,
				C25BBF692255E0D2008D78F9 /* AppDelegate.swift in Sources */,
				C2429B562266171A00EB7942 /* ShopsTableViewCell.swift in Sources */,
				C2059FD22265F53500736885 /* WebViewController.swift in Sources */,
				C242C49A22707A2A008B359A /* MapViewController.swift in Sources */,
				C2F285F7226DF086005DC8F8 /* GetReferalsIncome.swift in Sources */,
				C2E69A0422596327006FDDDB /* FloatingTextField.swift in Sources */,
				C24115282281C346004F41E1 /* UserDataBase.swift in Sources */,
				C242C48C22706E34008B359A /* WDViewController.swift in Sources */,
				C270FC872269BD750059F161 /* Refresh.swift in Sources */,
				C242C4922270770F008B359A /* WDHistoryController.swift in Sources */,
				C242C49822707A16008B359A /* MapView.swift in Sources */,
				C2D8BC65226F5A6E00001C99 /* MoreScreenView.swift in Sources */,
				C270FC892269C1C80059F161 /* RefreshModel.swift in Sources */,
				C27FF73B227B022100E04B0F /* NotifTableView.swift in Sources */,
				C2492A9C2260A249007E2037 /* MainPageViewController.swift in Sources */,
				C24283632264C04400750768 /* MainTabBarControllerViewController.swift in Sources */,
				C24283702264F65200750768 /* BarCodeGenerator.swift in Sources */,
				C2E59636225E0BBE001D09D9 /* APILogin.swift in Sources */,
				C2D8BC30226EFB3100001C99 /* OperationHistoryModel.swift in Sources */,
				C242C494227077A6008B359A /* WDHistoryView.swift in Sources */,
				C293570B225CCF38004F4510 /* AuthModel.swift in Sources */,
				C2429B2422660D8200EB7942 /* ShopsMainController.swift in Sources */,
				C2369BB32265C2DA00FBB386 /* AccountView.swift in Sources */,
				C2FC25E122805C7C00395247 /* LoginViewController.swift in Sources */,
				C241151A2281B933004F41E1 /* MaleButton.swift in Sources */,
				C221B8472282D9D00081BFB1 /* SighnInButton.swift in Sources */,
				C2F285FB226DF5F6005DC8F8 /* URLS.swift in Sources */,
				C2C96D212255FC17009F7050 /* WaitingScreenController.swift in Sources */,
				C2D8BC63226F50F700001C99 /* NotTableViewController.swift in Sources */,
			);
			runOnlyForDeploymentPostprocessing = 0;
		};
/* End PBXSourcesBuildPhase section */

/* Begin PBXVariantGroup section */
		C25BBF6C2255E0D2008D78F9 /* Main.storyboard */ = {
			isa = PBXVariantGroup;
			children = (
				C25BBF6D2255E0D2008D78F9 /* Base */,
			);
			name = Main.storyboard;
			sourceTree = "<group>";
		};
		C25BBF742255E0D3008D78F9 /* LaunchScreen.storyboard */ = {
			isa = PBXVariantGroup;
			children = (
				C25BBF752255E0D3008D78F9 /* Base */,
			);
			name = LaunchScreen.storyboard;
			sourceTree = "<group>";
		};
/* End PBXVariantGroup section */

/* Begin XCBuildConfiguration section */
		C25BBF782255E0D3008D78F9 /* Debug */ = {
			isa = XCBuildConfiguration;
			buildSettings = {
				ALWAYS_SEARCH_USER_PATHS = NO;
				CLANG_ANALYZER_NONNULL = YES;
				CLANG_ANALYZER_NUMBER_OBJECT_CONVERSION = YES_AGGRESSIVE;
				CLANG_CXX_LANGUAGE_STANDARD = "gnu++14";
				CLANG_CXX_LIBRARY = "libc++";
				CLANG_ENABLE_MODULES = YES;
				CLANG_ENABLE_OBJC_ARC = YES;
				CLANG_ENABLE_OBJC_WEAK = YES;
				CLANG_WARN_BLOCK_CAPTURE_AUTORELEASING = YES;
				CLANG_WARN_BOOL_CONVERSION = YES;
				CLANG_WARN_COMMA = YES;
				CLANG_WARN_CONSTANT_CONVERSION = YES;
				CLANG_WARN_DEPRECATED_OBJC_IMPLEMENTATIONS = YES;
				CLANG_WARN_DIRECT_OBJC_ISA_USAGE = YES_ERROR;
				CLANG_WARN_DOCUMENTATION_COMMENTS = YES;
				CLANG_WARN_EMPTY_BODY = YES;
				CLANG_WARN_ENUM_CONVERSION = YES;
				CLANG_WARN_INFINITE_RECURSION = YES;
				CLANG_WARN_INT_CONVERSION = YES;
				CLANG_WARN_NON_LITERAL_NULL_CONVERSION = YES;
				CLANG_WARN_OBJC_IMPLICIT_RETAIN_SELF = YES;
				CLANG_WARN_OBJC_LITERAL_CONVERSION = YES;
				CLANG_WARN_OBJC_ROOT_CLASS = YES_ERROR;
				CLANG_WARN_RANGE_LOOP_ANALYSIS = YES;
				CLANG_WARN_STRICT_PROTOTYPES = YES;
				CLANG_WARN_SUSPICIOUS_MOVE = YES;
				CLANG_WARN_UNGUARDED_AVAILABILITY = YES_AGGRESSIVE;
				CLANG_WARN_UNREACHABLE_CODE = YES;
				CLANG_WARN__DUPLICATE_METHOD_MATCH = YES;
				CODE_SIGN_IDENTITY = "iPhone Developer";
				COPY_PHASE_STRIP = NO;
				DEBUG_INFORMATION_FORMAT = dwarf;
				ENABLE_STRICT_OBJC_MSGSEND = YES;
				ENABLE_TESTABILITY = YES;
				GCC_C_LANGUAGE_STANDARD = gnu11;
				GCC_DYNAMIC_NO_PIC = NO;
				GCC_NO_COMMON_BLOCKS = YES;
				GCC_OPTIMIZATION_LEVEL = 0;
				GCC_PREPROCESSOR_DEFINITIONS = (
					"DEBUG=1",
					"$(inherited)",
				);
				GCC_WARN_64_TO_32_BIT_CONVERSION = YES;
				GCC_WARN_ABOUT_RETURN_TYPE = YES_ERROR;
				GCC_WARN_UNDECLARED_SELECTOR = YES;
				GCC_WARN_UNINITIALIZED_AUTOS = YES_AGGRESSIVE;
				GCC_WARN_UNUSED_FUNCTION = YES;
				GCC_WARN_UNUSED_VARIABLE = YES;
				IPHONEOS_DEPLOYMENT_TARGET = 12.2;
				MTL_ENABLE_DEBUG_INFO = INCLUDE_SOURCE;
				MTL_FAST_MATH = YES;
				ONLY_ACTIVE_ARCH = YES;
				SDKROOT = iphoneos;
				SWIFT_ACTIVE_COMPILATION_CONDITIONS = DEBUG;
				SWIFT_OPTIMIZATION_LEVEL = "-Onone";
			};
			name = Debug;
		};
		C25BBF792255E0D3008D78F9 /* Release */ = {
			isa = XCBuildConfiguration;
			buildSettings = {
				ALWAYS_SEARCH_USER_PATHS = NO;
				CLANG_ANALYZER_NONNULL = YES;
				CLANG_ANALYZER_NUMBER_OBJECT_CONVERSION = YES_AGGRESSIVE;
				CLANG_CXX_LANGUAGE_STANDARD = "gnu++14";
				CLANG_CXX_LIBRARY = "libc++";
				CLANG_ENABLE_MODULES = YES;
				CLANG_ENABLE_OBJC_ARC = YES;
				CLANG_ENABLE_OBJC_WEAK = YES;
				CLANG_WARN_BLOCK_CAPTURE_AUTORELEASING = YES;
				CLANG_WARN_BOOL_CONVERSION = YES;
				CLANG_WARN_COMMA = YES;
				CLANG_WARN_CONSTANT_CONVERSION = YES;
				CLANG_WARN_DEPRECATED_OBJC_IMPLEMENTATIONS = YES;
				CLANG_WARN_DIRECT_OBJC_ISA_USAGE = YES_ERROR;
				CLANG_WARN_DOCUMENTATION_COMMENTS = YES;
				CLANG_WARN_EMPTY_BODY = YES;
				CLANG_WARN_ENUM_CONVERSION = YES;
				CLANG_WARN_INFINITE_RECURSION = YES;
				CLANG_WARN_INT_CONVERSION = YES;
				CLANG_WARN_NON_LITERAL_NULL_CONVERSION = YES;
				CLANG_WARN_OBJC_IMPLICIT_RETAIN_SELF = YES;
				CLANG_WARN_OBJC_LITERAL_CONVERSION = YES;
				CLANG_WARN_OBJC_ROOT_CLASS = YES_ERROR;
				CLANG_WARN_RANGE_LOOP_ANALYSIS = YES;
				CLANG_WARN_STRICT_PROTOTYPES = YES;
				CLANG_WARN_SUSPICIOUS_MOVE = YES;
				CLANG_WARN_UNGUARDED_AVAILABILITY = YES_AGGRESSIVE;
				CLANG_WARN_UNREACHABLE_CODE = YES;
				CLANG_WARN__DUPLICATE_METHOD_MATCH = YES;
				CODE_SIGN_IDENTITY = "iPhone Developer";
				COPY_PHASE_STRIP = NO;
				DEBUG_INFORMATION_FORMAT = "dwarf-with-dsym";
				ENABLE_NS_ASSERTIONS = NO;
				ENABLE_STRICT_OBJC_MSGSEND = YES;
				GCC_C_LANGUAGE_STANDARD = gnu11;
				GCC_NO_COMMON_BLOCKS = YES;
				GCC_WARN_64_TO_32_BIT_CONVERSION = YES;
				GCC_WARN_ABOUT_RETURN_TYPE = YES_ERROR;
				GCC_WARN_UNDECLARED_SELECTOR = YES;
				GCC_WARN_UNINITIALIZED_AUTOS = YES_AGGRESSIVE;
				GCC_WARN_UNUSED_FUNCTION = YES;
				GCC_WARN_UNUSED_VARIABLE = YES;
				IPHONEOS_DEPLOYMENT_TARGET = 12.2;
				MTL_ENABLE_DEBUG_INFO = NO;
				MTL_FAST_MATH = YES;
				SDKROOT = iphoneos;
				SWIFT_COMPILATION_MODE = wholemodule;
				SWIFT_OPTIMIZATION_LEVEL = "-O";
				VALIDATE_PRODUCT = YES;
			};
			name = Release;
		};
		C25BBF7B2255E0D3008D78F9 /* Debug */ = {
			isa = XCBuildConfiguration;
			baseConfigurationReference = 5BD178FC3E760D3DA416BF08 /* Pods-Tips-MartDemo.debug.xcconfig */;
			buildSettings = {
				ASSETCATALOG_COMPILER_APPICON_NAME = AppIcon;
				CLANG_ENABLE_MODULES = YES;
				CODE_SIGN_IDENTITY = "iPhone Developer";
				CODE_SIGN_STYLE = Automatic;
				DEVELOPMENT_TEAM = SSF7F7A55A;
				INFOPLIST_FILE = "Tips-MartDemo/Info.plist";
				IPHONEOS_DEPLOYMENT_TARGET = 12.0;
				LD_RUNPATH_SEARCH_PATHS = (
					"$(inherited)",
					"@executable_path/Frameworks",
				);
				PRODUCT_BUNDLE_IDENTIFIER = "com.andreyP.Tips-MartDemo";
				PRODUCT_NAME = "$(TARGET_NAME)";
				PROVISIONING_PROFILE_SPECIFIER = "";
				SWIFT_OPTIMIZATION_LEVEL = "-Onone";
				SWIFT_VERSION = 5.0;
				TARGETED_DEVICE_FAMILY = "1,2";
			};
			name = Debug;
		};
		C25BBF7C2255E0D3008D78F9 /* Release */ = {
			isa = XCBuildConfiguration;
			baseConfigurationReference = 3EBC54FE841F31A392D6F0C0 /* Pods-Tips-MartDemo.release.xcconfig */;
			buildSettings = {
				ASSETCATALOG_COMPILER_APPICON_NAME = AppIcon;
				CLANG_ENABLE_MODULES = YES;
				CODE_SIGN_IDENTITY = "iPhone Developer";
				CODE_SIGN_STYLE = Automatic;
				DEVELOPMENT_TEAM = SSF7F7A55A;
				INFOPLIST_FILE = "Tips-MartDemo/Info.plist";
				IPHONEOS_DEPLOYMENT_TARGET = 12.0;
				LD_RUNPATH_SEARCH_PATHS = (
					"$(inherited)",
					"@executable_path/Frameworks",
				);
				PRODUCT_BUNDLE_IDENTIFIER = "com.andreyP.Tips-MartDemo";
				PRODUCT_NAME = "$(TARGET_NAME)";
				PROVISIONING_PROFILE_SPECIFIER = "";
				SWIFT_VERSION = 5.0;
				TARGETED_DEVICE_FAMILY = "1,2";
			};
			name = Release;
		};
/* End XCBuildConfiguration section */

/* Begin XCConfigurationList section */
		C25BBF602255E0D2008D78F9 /* Build configuration list for PBXProject "Tips-MartDemo" */ = {
			isa = XCConfigurationList;
			buildConfigurations = (
				C25BBF782255E0D3008D78F9 /* Debug */,
				C25BBF792255E0D3008D78F9 /* Release */,
			);
			defaultConfigurationIsVisible = 0;
			defaultConfigurationName = Release;
		};
		C25BBF7A2255E0D3008D78F9 /* Build configuration list for PBXNativeTarget "Tips-MartDemo" */ = {
			isa = XCConfigurationList;
			buildConfigurations = (
				C25BBF7B2255E0D3008D78F9 /* Debug */,
				C25BBF7C2255E0D3008D78F9 /* Release */,
			);
			defaultConfigurationIsVisible = 0;
			defaultConfigurationName = Release;
		};
/* End XCConfigurationList section */

/* Begin XCVersionGroup section */
		C25BBF6F2255E0D2008D78F9 /* Tips_MartDemo.xcdatamodeld */ = {
			isa = XCVersionGroup;
			children = (
				C25BBF702255E0D2008D78F9 /* Tips_MartDemo.xcdatamodel */,
			);
			currentVersion = C25BBF702255E0D2008D78F9 /* Tips_MartDemo.xcdatamodel */;
			path = Tips_MartDemo.xcdatamodeld;
			sourceTree = "<group>";
			versionGroupType = wrapper.xcdatamodel;
		};
/* End XCVersionGroup section */
	};
	rootObject = C25BBF5D2255E0D2008D78F9 /* Project object */;
}
